# THIS IS AN AUTOGENERATED FILE. DO NOT EDIT THIS FILE DIRECTLY.
# yarn lockfile v1


react-hook-form@^7.1.0:
  version "7.1.0"
  resolved "https://registry.yarnpkg.com/react-hook-form/-/react-hook-form-7.1.0.tgz#0261c5a63b2893e439804def5916cc751a97e012"
  integrity sha512-mfkW5P9oUp/ebEuyV15UAULK93xS8IMpyc5SYLEp4ShQIOgJq2mTB/N0o8tX1YjBkLFjzi0nIin+kR1t928B2A==
